
Microsoft Visual Studio Solution File, Format Version 12.00
# Visual Studio Version 17
VisualStudioVersion = 17.5.002.0
MinimumVisualStudioVersion = 10.0.40219.1
Project("{9A19103F-16F7-4668-BE54-9A1E7A4F7556}") = "api", "api\api.csproj", "{A2A8BFD0-874E-4657-AC8B-0F2ED274294C}"
EndProject
Project("{9A19103F-16F7-4668-BE54-9A1E7A4F7556}") = "api-test", "api-test\api-test.csproj", "{F8B1B576-9C77-410D-974A-BB360FE34BC3}"
EndProject
Global
	GlobalSection(SolutionConfigurationPlatforms) = preSolution
		Debug|Any CPU = Debug|Any CPU
		Release|Any CPU = Release|Any CPU
	EndGlobalSection
	GlobalSection(ProjectConfigurationPlatforms) = postSolution
		{A2A8BFD0-874E-4657-AC8B-0F2ED274294C}.Debug|Any CPU.ActiveCfg = Debug|Any CPU
		{A2A8BFD0-874E-4657-AC8B-0F2ED274294C}.Debug|Any CPU.Build.0 = Debug|Any CPU
		{A2A8BFD0-874E-4657-AC8B-0F2ED274294C}.Release|Any CPU.ActiveCfg = Release|Any CPU
		{A2A8BFD0-874E-4657-AC8B-0F2ED274294C}.Release|Any CPU.Build.0 = Release|Any CPU
		{F8B1B576-9C77-410D-974A-BB360FE34BC3}.Debug|Any CPU.ActiveCfg = Debug|Any CPU
		{F8B1B576-9C77-410D-974A-BB360FE34BC3}.Debug|Any CPU.Build.0 = Debug|Any CPU
		{F8B1B576-9C77-410D-974A-BB360FE34BC3}.Release|Any CPU.ActiveCfg = Release|Any CPU
		{F8B1B576-9C77-410D-974A-BB360FE34BC3}.Release|Any CPU.Build.0 = Release|Any CPU
	EndGlobalSection
	GlobalSection(SolutionProperties) = preSolution
		HideSolutionNode = FALSE
	EndGlobalSection
	GlobalSection(ExtensibilityGlobals) = postSolution
		SolutionGuid = {09705EFA-A2BB-4DF0-827D-59FF2A7ACB31}
	EndGlobalSection
EndGlobal
